// !$*UTF8*$!
{
	archiveVersion = 1;
	classes = {
	};
	objectVersion = 46;
	objects = {

/* Begin PBXBuildFile section */
		0921E14110FADAFB004EAA40 /* Utilities.m in Sources */ = {isa = PBXBuildFile; fileRef = 0921E14010FADAFB004EAA40 /* Utilities.m */; };
		0921E14610FADB97004EAA40 /* VideoFrameExtractor.m in Sources */ = {isa = PBXBuildFile; fileRef = 0921E14510FADB97004EAA40 /* VideoFrameExtractor.m */; };
		098D922B11DE19E900355815 /* libz.dylib in Frameworks */ = {isa = PBXBuildFile; fileRef = 098D922A11DE19E900355815 /* libz.dylib */; };
		09A69722110EC23900FE1DA8 /* Foundation.framework in Frameworks */ = {isa = PBXBuildFile; fileRef = 1D30AB110D05D00D00671497 /* Foundation.framework */; };
		09F1D692110ED3AA00F50511 /* Default.png in Resources */ = {isa = PBXBuildFile; fileRef = 09F1D691110ED3AA00F50511 /* Default.png */; };
		156A981B15DCDD8C00898981 /* libbz2.1.0.dylib in Frameworks */ = {isa = PBXBuildFile; fileRef = 156A981A15DCDD8C00898981 /* libbz2.1.0.dylib */; };
		156A982415DCDD9B00898981 /* libavcodec.a in Frameworks */ = {isa = PBXBuildFile; fileRef = 156A981C15DCDD9B00898981 /* libavcodec.a */; };
		156A982515DCDD9B00898981 /* libavdevice.a in Frameworks */ = {isa = PBXBuildFile; fileRef = 156A981D15DCDD9B00898981 /* libavdevice.a */; };
		156A982615DCDD9B00898981 /* libavfilter.a in Frameworks */ = {isa = PBXBuildFile; fileRef = 156A981E15DCDD9B00898981 /* libavfilter.a */; };
		156A982715DCDD9B00898981 /* libavformat.a in Frameworks */ = {isa = PBXBuildFile; fileRef = 156A981F15DCDD9B00898981 /* libavformat.a */; };
		156A982815DCDD9B00898981 /* libavutil.a in Frameworks */ = {isa = PBXBuildFile; fileRef = 156A982015DCDD9B00898981 /* libavutil.a */; };
		156A982A15DCDD9B00898981 /* libswresample.a in Frameworks */ = {isa = PBXBuildFile; fileRef = 156A982215DCDD9B00898981 /* libswresample.a */; };
		156A982B15DCDD9B00898981 /* libswscale.a in Frameworks */ = {isa = PBXBuildFile; fileRef = 156A982315DCDD9B00898981 /* libswscale.a */; };
		1D3623260D0F684500981E51 /* iFrameExtractorAppDelegate.m in Sources */ = {isa = PBXBuildFile; fileRef = 1D3623250D0F684500981E51 /* iFrameExtractorAppDelegate.m */; };
		1D60589B0D05DD56006BFB54 /* main.m in Sources */ = {isa = PBXBuildFile; fileRef = 29B97316FDCFA39411CA2CEA /* main.m */; };
		1DF5F4E00D08C38300B7A737 /* UIKit.framework in Frameworks */ = {isa = PBXBuildFile; fileRef = 1DF5F4DF0D08C38300B7A737 /* UIKit.framework */; };
		288765FD0DF74451002DB57D /* CoreGraphics.framework in Frameworks */ = {isa = PBXBuildFile; fileRef = 288765FC0DF74451002DB57D /* CoreGraphics.framework */; };
		28AD733F0D9D9553002E5188 /* MainWindow.xib in Resources */ = {isa = PBXBuildFile; fileRef = 28AD733E0D9D9553002E5188 /* MainWindow.xib */; };
		9A0B403B1813C9BD00770E5E /* libiconv.2.4.0.dylib in Frameworks */ = {isa = PBXBuildFile; fileRef = 9A0B403A1813C9BD00770E5E /* libiconv.2.4.0.dylib */; };
		9A53E8DA181E5707006A611B /* OpenGLES.framework in Frameworks */ = {isa = PBXBuildFile; fileRef = 9A53E8D9181E5707006A611B /* OpenGLES.framework */; };
		9A53E8DC181E5721006A611B /* QuartzCore.framework in Frameworks */ = {isa = PBXBuildFile; fileRef = 9A53E8DB181E5721006A611B /* QuartzCore.framework */; };
		B20DF6A7182002920092A989 /* MyGLView.m in Sources */ = {isa = PBXBuildFile; fileRef = B20DF6A5182002920092A989 /* MyGLView.m */; };
		B23373E716DEFA1300F5DE7F /* 7h800.mp4 in Resources */ = {isa = PBXBuildFile; fileRef = B23373E616DEFA1300F5DE7F /* 7h800.mp4 */; };
		B23373F516DF0E1100F5DE7F /* 1x1-iPad-l.png in Resources */ = {isa = PBXBuildFile; fileRef = B23373E916DF0E1000F5DE7F /* 1x1-iPad-l.png */; };
		B23373F616DF0E1100F5DE7F /* 1x1-iPad-p.png in Resources */ = {isa = PBXBuildFile; fileRef = B23373EA16DF0E1000F5DE7F /* 1x1-iPad-p.png */; };
		B23373F716DF0E1100F5DE7F /* 1x1-iPhone-l.png in Resources */ = {isa = PBXBuildFile; fileRef = B23373EB16DF0E1000F5DE7F /* 1x1-iPhone-l.png */; };
		B23373F816DF0E1100F5DE7F /* 1x1-iPhone-p.png in Resources */ = {isa = PBXBuildFile; fileRef = B23373EC16DF0E1000F5DE7F /* 1x1-iPhone-p.png */; };
		B23373F916DF0E1100F5DE7F /* 1x2-iPad-l.png in Resources */ = {isa = PBXBuildFile; fileRef = B23373ED16DF0E1000F5DE7F /* 1x2-iPad-l.png */; };
		B23373FA16DF0E1100F5DE7F /* 1x2-iPad-p.png in Resources */ = {isa = PBXBuildFile; fileRef = B23373EE16DF0E1000F5DE7F /* 1x2-iPad-p.png */; };
		B23373FB16DF0E1100F5DE7F /* 1x2-iPhone-l.png in Resources */ = {isa = PBXBuildFile; fileRef = B23373EF16DF0E1000F5DE7F /* 1x2-iPhone-l.png */; };
		B23373FC16DF0E1100F5DE7F /* 1x2-iPhone-p.png in Resources */ = {isa = PBXBuildFile; fileRef = B23373F016DF0E1000F5DE7F /* 1x2-iPhone-p.png */; };
		B23373FD16DF0E1100F5DE7F /* 2x2-iPad-l.png in Resources */ = {isa = PBXBuildFile; fileRef = B23373F116DF0E1000F5DE7F /* 2x2-iPad-l.png */; };
		B23373FE16DF0E1100F5DE7F /* 2x2-iPad-p.png in Resources */ = {isa = PBXBuildFile; fileRef = B23373F216DF0E1000F5DE7F /* 2x2-iPad-p.png */; };
		B23373FF16DF0E1100F5DE7F /* 2x2-iPhone-l.png in Resources */ = {isa = PBXBuildFile; fileRef = B23373F316DF0E1100F5DE7F /* 2x2-iPhone-l.png */; };
		B233740016DF0E1100F5DE7F /* 2x2-iPhone-p.png in Resources */ = {isa = PBXBuildFile; fileRef = B23373F416DF0E1100F5DE7F /* 2x2-iPhone-p.png */; };
		B23758A316E7992300E43B4E /* 7h800-2.mp4 in Resources */ = {isa = PBXBuildFile; fileRef = B23758A016E7992300E43B4E /* 7h800-2.mp4 */; };
		B23758A416E7992300E43B4E /* 7h800-3.mp4 in Resources */ = {isa = PBXBuildFile; fileRef = B23758A116E7992300E43B4E /* 7h800-3.mp4 */; };
		B23758A516E7992300E43B4E /* 7h800-4.mp4 in Resources */ = {isa = PBXBuildFile; fileRef = B23758A216E7992300E43B4E /* 7h800-4.mp4 */; };
		B2ED7BF816B6BB7C0092BC81 /* Default-568h@2x.png in Resources */ = {isa = PBXBuildFile; fileRef = B2ED7BF716B6BB7C0092BC81 /* Default-568h@2x.png */; };
/* End PBXBuildFile section */

/* Begin PBXFileReference section */
		0921E13F10FADAFB004EAA40 /* Utilities.h */ = {isa = PBXFileReference; fileEncoding = 4; lastKnownFileType = sourcecode.c.h; path = Utilities.h; sourceTree = "<group>"; };
		0921E14010FADAFB004EAA40 /* Utilities.m */ = {isa = PBXFileReference; fileEncoding = 4; lastKnownFileType = sourcecode.c.objc; path = Utilities.m; sourceTree = "<group>"; };
		0921E14410FADB97004EAA40 /* VideoFrameExtractor.h */ = {isa = PBXFileReference; fileEncoding = 4; lastKnownFileType = sourcecode.c.h; path = VideoFrameExtractor.h; sourceTree = "<group>"; };
		0921E14510FADB97004EAA40 /* VideoFrameExtractor.m */ = {isa = PBXFileReference; fileEncoding = 4; lastKnownFileType = sourcecode.c.objc; path = VideoFrameExtractor.m; sourceTree = "<group>"; };
		098D922A11DE19E900355815 /* libz.dylib */ = {isa = PBXFileReference; lastKnownFileType = "compiled.mach-o.dylib"; name = libz.dylib; path = usr/lib/libz.dylib; sourceTree = SDKROOT; };
		09F1D691110ED3AA00F50511 /* Default.png */ = {isa = PBXFileReference; lastKnownFileType = image.png; path = Default.png; sourceTree = "<group>"; };
		156A981A15DCDD8C00898981 /* libbz2.1.0.dylib */ = {isa = PBXFileReference; lastKnownFileType = "compiled.mach-o.dylib"; name = libbz2.1.0.dylib; path = usr/lib/libbz2.1.0.dylib; sourceTree = SDKROOT; };
		156A981C15DCDD9B00898981 /* libavcodec.a */ = {isa = PBXFileReference; lastKnownFileType = archive.ar; name = libavcodec.a; path = compiled/i386/lib/libavcodec.a; sourceTree = "<group>"; };
		156A981D15DCDD9B00898981 /* libavdevice.a */ = {isa = PBXFileReference; lastKnownFileType = archive.ar; name = libavdevice.a; path = compiled/i386/lib/libavdevice.a; sourceTree = "<group>"; };
		156A981E15DCDD9B00898981 /* libavfilter.a */ = {isa = PBXFileReference; lastKnownFileType = archive.ar; name = libavfilter.a; path = compiled/i386/lib/libavfilter.a; sourceTree = "<group>"; };
		156A981F15DCDD9B00898981 /* libavformat.a */ = {isa = PBXFileReference; lastKnownFileType = archive.ar; name = libavformat.a; path = compiled/i386/lib/libavformat.a; sourceTree = "<group>"; };
		156A982015DCDD9B00898981 /* libavutil.a */ = {isa = PBXFileReference; lastKnownFileType = archive.ar; name = libavutil.a; path = compiled/i386/lib/libavutil.a; sourceTree = "<group>"; };
		156A982215DCDD9B00898981 /* libswresample.a */ = {isa = PBXFileReference; lastKnownFileType = archive.ar; name = libswresample.a; path = compiled/i386/lib/libswresample.a; sourceTree = "<group>"; };
		156A982315DCDD9B00898981 /* libswscale.a */ = {isa = PBXFileReference; lastKnownFileType = archive.ar; name = libswscale.a; path = compiled/i386/lib/libswscale.a; sourceTree = "<group>"; };
		1D30AB110D05D00D00671497 /* Foundation.framework */ = {isa = PBXFileReference; lastKnownFileType = wrapper.framework; name = Foundation.framework; path = System/Library/Frameworks/Foundation.framework; sourceTree = SDKROOT; };
		1D3623240D0F684500981E51 /* iFrameExtractorAppDelegate.h */ = {isa = PBXFileReference; fileEncoding = 4; lastKnownFileType = sourcecode.c.h; path = iFrameExtractorAppDelegate.h; sourceTree = "<group>"; };
		1D3623250D0F684500981E51 /* iFrameExtractorAppDelegate.m */ = {isa = PBXFileReference; fileEncoding = 4; lastKnownFileType = sourcecode.c.objc; path = iFrameExtractorAppDelegate.m; sourceTree = "<group>"; };
		1D6058910D05DD3D006BFB54 /* rtsp-home.app */ = {isa = PBXFileReference; explicitFileType = wrapper.application; includeInIndex = 0; path = "rtsp-home.app"; sourceTree = BUILT_PRODUCTS_DIR; };
		1DF5F4DF0D08C38300B7A737 /* UIKit.framework */ = {isa = PBXFileReference; lastKnownFileType = wrapper.framework; name = UIKit.framework; path = System/Library/Frameworks/UIKit.framework; sourceTree = SDKROOT; };
		288765FC0DF74451002DB57D /* CoreGraphics.framework */ = {isa = PBXFileReference; lastKnownFileType = wrapper.framework; name = CoreGraphics.framework; path = System/Library/Frameworks/CoreGraphics.framework; sourceTree = SDKROOT; };
		28AD733E0D9D9553002E5188 /* MainWindow.xib */ = {isa = PBXFileReference; lastKnownFileType = file.xib; path = MainWindow.xib; sourceTree = "<group>"; };
		29B97316FDCFA39411CA2CEA /* main.m */ = {isa = PBXFileReference; fileEncoding = 4; lastKnownFileType = sourcecode.c.objc; path = main.m; sourceTree = "<group>"; };
		32CA4F630368D1EE00C91783 /* 4FrameTest_Prefix.pch */ = {isa = PBXFileReference; fileEncoding = 4; lastKnownFileType = sourcecode.c.h; path = 4FrameTest_Prefix.pch; sourceTree = "<group>"; };
		8D1107310486CEB800E47090 /* 4FrameTest-Info.plist */ = {isa = PBXFileReference; fileEncoding = 4; lastKnownFileType = text.plist.xml; path = "4FrameTest-Info.plist"; plistStructureDefinitionIdentifier = "com.apple.xcode.plist.structure-definition.iphone.info-plist"; sourceTree = "<group>"; };
		9A0B403A1813C9BD00770E5E /* libiconv.2.4.0.dylib */ = {isa = PBXFileReference; lastKnownFileType = "compiled.mach-o.dylib"; name = libiconv.2.4.0.dylib; path = usr/lib/libiconv.2.4.0.dylib; sourceTree = SDKROOT; };
		9A53E8D9181E5707006A611B /* OpenGLES.framework */ = {isa = PBXFileReference; lastKnownFileType = wrapper.framework; name = OpenGLES.framework; path = System/Library/Frameworks/OpenGLES.framework; sourceTree = SDKROOT; };
		9A53E8DB181E5721006A611B /* QuartzCore.framework */ = {isa = PBXFileReference; lastKnownFileType = wrapper.framework; name = QuartzCore.framework; path = System/Library/Frameworks/QuartzCore.framework; sourceTree = SDKROOT; };
		B20DF6A5182002920092A989 /* MyGLView.m */ = {isa = PBXFileReference; fileEncoding = 4; lastKnownFileType = sourcecode.c.objc; path = MyGLView.m; sourceTree = "<group>"; };
		B20DF6A6182002920092A989 /* MyGLView.h */ = {isa = PBXFileReference; fileEncoding = 4; lastKnownFileType = sourcecode.c.h; path = MyGLView.h; sourceTree = "<group>"; };
		B23373E616DEFA1300F5DE7F /* 7h800.mp4 */ = {isa = PBXFileReference; lastKnownFileType = file; path = 7h800.mp4; sourceTree = "<group>"; };
		B23373E916DF0E1000F5DE7F /* 1x1-iPad-l.png */ = {isa = PBXFileReference; lastKnownFileType = image.png; path = "1x1-iPad-l.png"; sourceTree = "<group>"; };
		B23373EA16DF0E1000F5DE7F /* 1x1-iPad-p.png */ = {isa = PBXFileReference; lastKnownFileType = image.png; path = "1x1-iPad-p.png"; sourceTree = "<group>"; };
		B23373EB16DF0E1000F5DE7F /* 1x1-iPhone-l.png */ = {isa = PBXFileReference; lastKnownFileType = image.png; path = "1x1-iPhone-l.png"; sourceTree = "<group>"; };
		B23373EC16DF0E1000F5DE7F /* 1x1-iPhone-p.png */ = {isa = PBXFileReference; lastKnownFileType = image.png; path = "1x1-iPhone-p.png"; sourceTree = "<group>"; };
		B23373ED16DF0E1000F5DE7F /* 1x2-iPad-l.png */ = {isa = PBXFileReference; lastKnownFileType = image.png; path = "1x2-iPad-l.png"; sourceTree = "<group>"; };
		B23373EE16DF0E1000F5DE7F /* 1x2-iPad-p.png */ = {isa = PBXFileReference; lastKnownFileType = image.png; path = "1x2-iPad-p.png"; sourceTree = "<group>"; };
		B23373EF16DF0E1000F5DE7F /* 1x2-iPhone-l.png */ = {isa = PBXFileReference; lastKnownFileType = image.png; path = "1x2-iPhone-l.png"; sourceTree = "<group>"; };
		B23373F016DF0E1000F5DE7F /* 1x2-iPhone-p.png */ = {isa = PBXFileReference; lastKnownFileType = image.png; path = "1x2-iPhone-p.png"; sourceTree = "<group>"; };
		B23373F116DF0E1000F5DE7F /* 2x2-iPad-l.png */ = {isa = PBXFileReference; lastKnownFileType = image.png; path = "2x2-iPad-l.png"; sourceTree = "<group>"; };
		B23373F216DF0E1000F5DE7F /* 2x2-iPad-p.png */ = {isa = PBXFileReference; lastKnownFileType = image.png; path = "2x2-iPad-p.png"; sourceTree = "<group>"; };
		B23373F316DF0E1100F5DE7F /* 2x2-iPhone-l.png */ = {isa = PBXFileReference; lastKnownFileType = image.png; path = "2x2-iPhone-l.png"; sourceTree = "<group>"; };
		B23373F416DF0E1100F5DE7F /* 2x2-iPhone-p.png */ = {isa = PBXFileReference; lastKnownFileType = image.png; path = "2x2-iPhone-p.png"; sourceTree = "<group>"; };
		B23758A016E7992300E43B4E /* 7h800-2.mp4 */ = {isa = PBXFileReference; lastKnownFileType = file; path = "7h800-2.mp4"; sourceTree = "<group>"; };
		B23758A116E7992300E43B4E /* 7h800-3.mp4 */ = {isa = PBXFileReference; lastKnownFileType = file; path = "7h800-3.mp4"; sourceTree = "<group>"; };
		B23758A216E7992300E43B4E /* 7h800-4.mp4 */ = {isa = PBXFileReference; lastKnownFileType = file; path = "7h800-4.mp4"; sourceTree = "<group>"; };
		B2ED7BF716B6BB7C0092BC81 /* Default-568h@2x.png */ = {isa = PBXFileReference; lastKnownFileType = image.png; path = "Default-568h@2x.png"; sourceTree = "<group>"; };
/* End PBXFileReference section */

/* Begin PBXFrameworksBuildPhase section */
		1D60588F0D05DD3D006BFB54 /* Frameworks */ = {
			isa = PBXFrameworksBuildPhase;
			buildActionMask = 2147483647;
			files = (
				9A53E8DC181E5721006A611B /* QuartzCore.framework in Frameworks */,
				9A53E8DA181E5707006A611B /* OpenGLES.framework in Frameworks */,
				9A0B403B1813C9BD00770E5E /* libiconv.2.4.0.dylib in Frameworks */,
				156A982415DCDD9B00898981 /* libavcodec.a in Frameworks */,
				156A982515DCDD9B00898981 /* libavdevice.a in Frameworks */,
				156A982615DCDD9B00898981 /* libavfilter.a in Frameworks */,
				156A982715DCDD9B00898981 /* libavformat.a in Frameworks */,
				156A982815DCDD9B00898981 /* libavutil.a in Frameworks */,
				156A982A15DCDD9B00898981 /* libswresample.a in Frameworks */,
				156A982B15DCDD9B00898981 /* libswscale.a in Frameworks */,
				156A981B15DCDD8C00898981 /* libbz2.1.0.dylib in Frameworks */,
				09A69722110EC23900FE1DA8 /* Foundation.framework in Frameworks */,
				288765FD0DF74451002DB57D /* CoreGraphics.framework in Frameworks */,
				1DF5F4E00D08C38300B7A737 /* UIKit.framework in Frameworks */,
				098D922B11DE19E900355815 /* libz.dylib in Frameworks */,
			);
			runOnlyForDeploymentPostprocessing = 0;
		};
/* End PBXFrameworksBuildPhase section */

/* Begin PBXGroup section */
		080E96DDFE201D6D7F000001 /* Classes */ = {
			isa = PBXGroup;
			children = (
				1D3623240D0F684500981E51 /* iFrameExtractorAppDelegate.h */,
				9A53E8D2181E56CF006A611B /* VSaaS */,
				1D3623250D0F684500981E51 /* iFrameExtractorAppDelegate.m */,
				0921E13F10FADAFB004EAA40 /* Utilities.h */,
				0921E14010FADAFB004EAA40 /* Utilities.m */,
				0921E14410FADB97004EAA40 /* VideoFrameExtractor.h */,
				0921E14510FADB97004EAA40 /* VideoFrameExtractor.m */,
			);
			path = Classes;
			sourceTree = "<group>";
		};
		0918E6C310F839A300300130 /* ffmpeg */ = {
			isa = PBXGroup;
			children = (
				156A981C15DCDD9B00898981 /* libavcodec.a */,
				156A981D15DCDD9B00898981 /* libavdevice.a */,
				156A981E15DCDD9B00898981 /* libavfilter.a */,
				156A981F15DCDD9B00898981 /* libavformat.a */,
				156A982015DCDD9B00898981 /* libavutil.a */,
				156A982215DCDD9B00898981 /* libswresample.a */,
				156A982315DCDD9B00898981 /* libswscale.a */,
			);
			path = ffmpeg;
			sourceTree = "<group>";
		};
		19C28FACFE9D520D11CA2CBB /* Products */ = {
			isa = PBXGroup;
			children = (
				1D6058910D05DD3D006BFB54 /* rtsp-home.app */,
			);
			name = Products;
			sourceTree = "<group>";
		};
		29B97314FDCFA39411CA2CEA /* CustomTemplate */ = {
			isa = PBXGroup;
			children = (
				B2ED7BF716B6BB7C0092BC81 /* Default-568h@2x.png */,
				0918E6C310F839A300300130 /* ffmpeg */,
				080E96DDFE201D6D7F000001 /* Classes */,
				29B97315FDCFA39411CA2CEA /* Other Sources */,
				29B97317FDCFA39411CA2CEA /* Resources */,
				29B97323FDCFA39411CA2CEA /* Frameworks */,
				19C28FACFE9D520D11CA2CBB /* Products */,
			);
			name = CustomTemplate;
			sourceTree = "<group>";
		};
		29B97315FDCFA39411CA2CEA /* Other Sources */ = {
			isa = PBXGroup;
			children = (
				32CA4F630368D1EE00C91783 /* 4FrameTest_Prefix.pch */,
				29B97316FDCFA39411CA2CEA /* main.m */,
			);
			name = "Other Sources";
			sourceTree = "<group>";
		};
		29B97317FDCFA39411CA2CEA /* Resources */ = {
			isa = PBXGroup;
			children = (
				B23758A016E7992300E43B4E /* 7h800-2.mp4 */,
				B23758A116E7992300E43B4E /* 7h800-3.mp4 */,
				B23758A216E7992300E43B4E /* 7h800-4.mp4 */,
				B23373E816DF0DFA00F5DE7F /* icons */,
				09F1D691110ED3AA00F50511 /* Default.png */,
				B23373E616DEFA1300F5DE7F /* 7h800.mp4 */,
				28AD733E0D9D9553002E5188 /* MainWindow.xib */,
				8D1107310486CEB800E47090 /* 4FrameTest-Info.plist */,
			);
			name = Resources;
			sourceTree = "<group>";
		};
		29B97323FDCFA39411CA2CEA /* Frameworks */ = {
			isa = PBXGroup;
			children = (
				9A53E8DB181E5721006A611B /* QuartzCore.framework */,
				9A53E8D9181E5707006A611B /* OpenGLES.framework */,
				9A0B403A1813C9BD00770E5E /* libiconv.2.4.0.dylib */,
				156A981A15DCDD8C00898981 /* libbz2.1.0.dylib */,
				1DF5F4DF0D08C38300B7A737 /* UIKit.framework */,
				1D30AB110D05D00D00671497 /* Foundation.framework */,
				288765FC0DF74451002DB57D /* CoreGraphics.framework */,
				098D922A11DE19E900355815 /* libz.dylib */,
			);
			name = Frameworks;
			sourceTree = "<group>";
		};
		9A53E8D2181E56CF006A611B /* VSaaS */ = {
			isa = PBXGroup;
			children = (
				B20DF6A5182002920092A989 /* MyGLView.m */,
				B20DF6A6182002920092A989 /* MyGLView.h */,
			);
			name = VSaaS;
			sourceTree = "<group>";
		};
		B23373E816DF0DFA00F5DE7F /* icons */ = {
			isa = PBXGroup;
			children = (
				B23373E916DF0E1000F5DE7F /* 1x1-iPad-l.png */,
				B23373EA16DF0E1000F5DE7F /* 1x1-iPad-p.png */,
				B23373EB16DF0E1000F5DE7F /* 1x1-iPhone-l.png */,
				B23373EC16DF0E1000F5DE7F /* 1x1-iPhone-p.png */,
				B23373ED16DF0E1000F5DE7F /* 1x2-iPad-l.png */,
				B23373EE16DF0E1000F5DE7F /* 1x2-iPad-p.png */,
				B23373EF16DF0E1000F5DE7F /* 1x2-iPhone-l.png */,
				B23373F016DF0E1000F5DE7F /* 1x2-iPhone-p.png */,
				B23373F116DF0E1000F5DE7F /* 2x2-iPad-l.png */,
				B23373F216DF0E1000F5DE7F /* 2x2-iPad-p.png */,
				B23373F316DF0E1100F5DE7F /* 2x2-iPhone-l.png */,
				B23373F416DF0E1100F5DE7F /* 2x2-iPhone-p.png */,
			);
			name = icons;
			sourceTree = "<group>";
		};
/* End PBXGroup section */

/* Begin PBXNativeTarget section */
		1D6058900D05DD3D006BFB54 /* 4FrameTest */ = {
			isa = PBXNativeTarget;
			buildConfigurationList = 1D6058960D05DD3E006BFB54 /* Build configuration list for PBXNativeTarget "4FrameTest" */;
			buildPhases = (
				1D60588D0D05DD3D006BFB54 /* Resources */,
				1D60588E0D05DD3D006BFB54 /* Sources */,
				1D60588F0D05DD3D006BFB54 /* Frameworks */,
			);
			buildRules = (
			);
			dependencies = (
			);
			name = 4FrameTest;
			productName = frameExtractor;
			productReference = 1D6058910D05DD3D006BFB54 /* rtsp-home.app */;
			productType = "com.apple.product-type.application";
		};
/* End PBXNativeTarget section */

/* Begin PBXProject section */
		29B97313FDCFA39411CA2CEA /* Project object */ = {
			isa = PBXProject;
			attributes = {
				LastUpgradeCheck = 0500;
				TargetAttributes = {
					1D6058900D05DD3D006BFB54 = {
						DevelopmentTeam = V89796HXWH;
					};
				};
			};
			buildConfigurationList = C01FCF4E08A954540054247B /* Build configuration list for PBXProject "4FrameTest" */;
			compatibilityVersion = "Xcode 3.2";
			developmentRegion = English;
			hasScannedForEncodings = 1;
			knownRegions = (
				en,
			);
			mainGroup = 29B97314FDCFA39411CA2CEA /* CustomTemplate */;
			projectDirPath = "";
			projectRoot = "";
			targets = (
				1D6058900D05DD3D006BFB54 /* 4FrameTest */,
			);
		};
/* End PBXProject section */

/* Begin PBXResourcesBuildPhase section */
		1D60588D0D05DD3D006BFB54 /* Resources */ = {
			isa = PBXResourcesBuildPhase;
			buildActionMask = 2147483647;
			files = (
				28AD733F0D9D9553002E5188 /* MainWindow.xib in Resources */,
				09F1D692110ED3AA00F50511 /* Default.png in Resources */,
				B2ED7BF816B6BB7C0092BC81 /* Default-568h@2x.png in Resources */,
				B23373E716DEFA1300F5DE7F /* 7h800.mp4 in Resources */,
				B23373F516DF0E1100F5DE7F /* 1x1-iPad-l.png in Resources */,
				B23373F616DF0E1100F5DE7F /* 1x1-iPad-p.png in Resources */,
				B23373F716DF0E1100F5DE7F /* 1x1-iPhone-l.png in Resources */,
				B23373F816DF0E1100F5DE7F /* 1x1-iPhone-p.png in Resources */,
				B23373F916DF0E1100F5DE7F /* 1x2-iPad-l.png in Resources */,
				B23373FA16DF0E1100F5DE7F /* 1x2-iPad-p.png in Resources */,
				B23373FB16DF0E1100F5DE7F /* 1x2-iPhone-l.png in Resources */,
				B23373FC16DF0E1100F5DE7F /* 1x2-iPhone-p.png in Resources */,
				B23373FD16DF0E1100F5DE7F /* 2x2-iPad-l.png in Resources */,
				B23373FE16DF0E1100F5DE7F /* 2x2-iPad-p.png in Resources */,
				B23373FF16DF0E1100F5DE7F /* 2x2-iPhone-l.png in Resources */,
				B233740016DF0E1100F5DE7F /* 2x2-iPhone-p.png in Resources */,
				B23758A316E7992300E43B4E /* 7h800-2.mp4 in Resources */,
				B23758A416E7992300E43B4E /* 7h800-3.mp4 in Resources */,
				B23758A516E7992300E43B4E /* 7h800-4.mp4 in Resources */,
			);
			runOnlyForDeploymentPostprocessing = 0;
		};
/* End PBXResourcesBuildPhase section */

/* Begin PBXSourcesBuildPhase section */
		1D60588E0D05DD3D006BFB54 /* Sources */ = {
			isa = PBXSourcesBuildPhase;
			buildActionMask = 2147483647;
			files = (
				1D60589B0D05DD56006BFB54 /* main.m in Sources */,
				1D3623260D0F684500981E51 /* iFrameExtractorAppDelegate.m in Sources */,
				0921E14110FADAFB004EAA40 /* Utilities.m in Sources */,
				0921E14610FADB97004EAA40 /* VideoFrameExtractor.m in Sources */,
				B20DF6A7182002920092A989 /* MyGLView.m in Sources */,
			);
			runOnlyForDeploymentPostprocessing = 0;
		};
/* End PBXSourcesBuildPhase section */

/* Begin XCBuildConfiguration section */
		1D6058940D05DD3E006BFB54 /* Debug */ = {
			isa = XCBuildConfiguration;
			buildSettings = {
				ALWAYS_SEARCH_USER_PATHS = NO;
				"ARCHS[sdk=*]" = "$(ARCHS_STANDARD_32_BIT)";
				CLANG_ENABLE_OBJC_ARC = YES;
				CODE_SIGN_ENTITLEMENTS = "";
				"CODE_SIGN_ENTITLEMENTS[sdk=*]" = "";
				CODE_SIGN_IDENTITY = "iPhone Developer: kuo hsun Liao (LW6ABB7S99)";
				"CODE_SIGN_IDENTITY[sdk=iphoneos*]" = "iPhone Developer";
				"CODE_SIGN_RESOURCE_RULES_PATH[sdk=*]" = "";
				COPY_PHASE_STRIP = NO;
				"FRAMEWORK_SEARCH_PATHS[arch=*]" = "";
				GCC_DYNAMIC_NO_PIC = NO;
				GCC_OPTIMIZATION_LEVEL = 3;
				GCC_PRECOMPILE_PREFIX_HEADER = YES;
				GCC_PREFIX_HEADER = 4FrameTest_Prefix.pch;
				HEADER_SEARCH_PATHS = "";
				"HEADER_SEARCH_PATHS[arch=armv7]" = "\"$(SRCROOT)/ffmpeg/compiled/armv7-neon/include\"";
				"HEADER_SEARCH_PATHS[arch=armv7s]" = "\"$(SRCROOT)/ffmpeg/compiled/armv7s-neon/include\"";
				"HEADER_SEARCH_PATHS[sdk=iphonesimulator*]" = "\"$(SRCROOT)/ffmpeg/compiled/i386/include\"";
				INFOPLIST_FILE = "4FrameTest-Info.plist";
				IPHONEOS_DEPLOYMENT_TARGET = 6.1;
				LD_NO_PIE = YES;
				LIBRARY_SEARCH_PATHS = "";
				"LIBRARY_SEARCH_PATHS[arch=armv7]" = (
					"$(inherited)",
					"\"$(SRCROOT)/ffmpeg/compiled/armv7-neon/lib\"",
				);
				"LIBRARY_SEARCH_PATHS[arch=armv7s]" = (
					"$(inherited)",
					"\"$(SRCROOT)/ffmpeg/compiled/armv7s-neon/lib\"",
				);
				"LIBRARY_SEARCH_PATHS[sdk=iphonesimulator*]" = (
					"$(inherited)",
					"\"$(SRCROOT)/ffmpeg/compiled/i386/lib\"",
				);
				ONLY_ACTIVE_ARCH = YES;
				"OTHER_CODE_SIGN_FLAGS[sdk=*]" = "";
				PRODUCT_NAME = "rtsp-home";
				PROVISIONING_PROFILE = "";
				SDKROOT = iphoneos;
				TARGETED_DEVICE_FAMILY = 1;
			};
			name = Debug;
		};
		1D6058950D05DD3E006BFB54 /* Release */ = {
			isa = XCBuildConfiguration;
			buildSettings = {
				ALWAYS_SEARCH_USER_PATHS = NO;
				CLANG_ENABLE_OBJC_ARC = YES;
				CODE_SIGN_ENTITLEMENTS = "";
				CODE_SIGN_IDENTITY = "iPhone Developer: kuo hsun Liao (LW6ABB7S99)";
				"CODE_SIGN_IDENTITY[sdk=iphoneos*]" = "iPhone Developer";
				COPY_PHASE_STRIP = YES;
				GCC_OPTIMIZATION_LEVEL = 3;
				GCC_PRECOMPILE_PREFIX_HEADER = YES;
				GCC_PREFIX_HEADER = 4FrameTest_Prefix.pch;
				HEADER_SEARCH_PATHS = "";
				"HEADER_SEARCH_PATHS[arch=*]" = "\"$(SRCROOT)/ffmpeg/compiled/i386/include\"";
				INFOPLIST_FILE = "4FrameTest-Info.plist";
				IPHONEOS_DEPLOYMENT_TARGET = 6.1;
				LD_NO_PIE = YES;
				LIBRARY_SEARCH_PATHS = "";
				"LIBRARY_SEARCH_PATHS[arch=armv7]" = (
					"$(inherited)",
					"\"$(SRCROOT)/ffmpeg/compiled/armv7-neon/lib\"",
				);
				"LIBRARY_SEARCH_PATHS[sdk=iphonesimulator*]" = "";
				ONLY_ACTIVE_ARCH = YES;
				PRODUCT_NAME = "rtsp-home";
				PROVISIONING_PROFILE = "";
				SDKROOT = iphoneos;
				TARGETED_DEVICE_FAMILY = 1;
			};
			name = Release;
		};
		C01FCF4F08A954540054247B /* Debug */ = {
			isa = XCBuildConfiguration;
			buildSettings = {
				"CODE_SIGN_ENTITLEMENTS[sdk=*]" = "";
				CODE_SIGN_IDENTITY = "";
				"CODE_SIGN_IDENTITY[sdk=iphoneos*]" = "iPhone Developer";
				GCC_C_LANGUAGE_STANDARD = c99;
				GCC_WARN_ABOUT_RETURN_TYPE = YES;
				GCC_WARN_UNUSED_VARIABLE = YES;
				HEADER_SEARCH_PATHS = ./ffmpeg;
				IPHONEOS_DEPLOYMENT_TARGET = 6.1;
				ONLY_ACTIVE_ARCH = YES;
				SDKROOT = iphoneos;
				TARGETED_DEVICE_FAMILY = 1;
			};
			name = Debug;
		};
		C01FCF5008A954540054247B /* Release */ = {
			isa = XCBuildConfiguration;
			buildSettings = {
				CODE_SIGN_IDENTITY = "";
				"CODE_SIGN_IDENTITY[sdk=iphoneos*]" = "iPhone Developer";
				GCC_C_LANGUAGE_STANDARD = c99;
				GCC_WARN_ABOUT_RETURN_TYPE = YES;
				GCC_WARN_UNUSED_VARIABLE = YES;
				HEADER_SEARCH_PATHS = ./ffmpeg;
				IPHONEOS_DEPLOYMENT_TARGET = 6.1;
				ONLY_ACTIVE_ARCH = YES;
				SDKROOT = iphoneos;
				TARGETED_DEVICE_FAMILY = 1;
			};
			name = Release;
		};
/* End XCBuildConfiguration section */

/* Begin XCConfigurationList section */
		1D6058960D05DD3E006BFB54 /* Build configuration list for PBXNativeTarget "4FrameTest" */ = {
			isa = XCConfigurationList;
			buildConfigurations = (
				1D6058940D05DD3E006BFB54 /* Debug */,
				1D6058950D05DD3E006BFB54 /* Release */,
			);
			defaultConfigurationIsVisible = 0;
			defaultConfigurationName = Release;
		};
		C01FCF4E08A954540054247B /* Build configuration list for PBXProject "4FrameTest" */ = {
			isa = XCConfigurationList;
			buildConfigurations = (
				C01FCF4F08A954540054247B /* Debug */,
				C01FCF5008A954540054247B /* Release */,
			);
			defaultConfigurationIsVisible = 0;
			defaultConfigurationName = Release;
		};
/* End XCConfigurationList section */
	};
	rootObject = 29B97313FDCFA39411CA2CEA /* Project object */;
}
